
Microsoft Visual Studio Solution File, Format Version 12.00
# Visual Studio 15
VisualStudioVersion = 15.0.27004.2002
MinimumVisualStudioVersion = 10.0.40219.1
Project("{9A19103F-16F7-4668-BE54-9A1E7A4F7556}") = "VdfsSharp", "src\VdfsSharp\VdfsSharp.csproj", "{47122AAB-924C-48AD-BA1D-16F83FCB69D6}"
EndProject
Project("{9A19103F-16F7-4668-BE54-9A1E7A4F7556}") = "VdfsSharp.Tests", "tests\VdfsSharp.Tests\VdfsSharp.Tests.csproj", "{B412AAC8-573F-40F7-A8BE-422B310F3435}"
EndProject
Project("{FAE04EC0-301F-11D3-BF4B-00C04F79EFBC}") = "VdfsSharp.Sample", "samples\VdfsSharp.Sample\VdfsSharp.Sample.csproj", "{B6C32EEE-3156-4C3B-9E42-E2DF1025306D}"
EndProject
Global
	GlobalSection(SolutionConfigurationPlatforms) = preSolution
		Debug|Any CPU = Debug|Any CPU
		Release|Any CPU = Release|Any CPU
	EndGlobalSection
	GlobalSection(ProjectConfigurationPlatforms) = postSolution
		{47122AAB-924C-48AD-BA1D-16F83FCB69D6}.Debug|Any CPU.ActiveCfg = Debug|Any CPU
		{47122AAB-924C-48AD-BA1D-16F83FCB69D6}.Debug|Any CPU.Build.0 = Debug|Any CPU
		{47122AAB-924C-48AD-BA1D-16F83FCB69D6}.Release|Any CPU.ActiveCfg = Release|Any CPU
		{47122AAB-924C-48AD-BA1D-16F83FCB69D6}.Release|Any CPU.Build.0 = Release|Any CPU
		{B412AAC8-573F-40F7-A8BE-422B310F3435}.Debug|Any CPU.ActiveCfg = Debug|Any CPU
		{B412AAC8-573F-40F7-A8BE-422B310F3435}.Debug|Any CPU.Build.0 = Debug|Any CPU
		{B412AAC8-573F-40F7-A8BE-422B310F3435}.Release|Any CPU.ActiveCfg = Release|Any CPU
		{B412AAC8-573F-40F7-A8BE-422B310F3435}.Release|Any CPU.Build.0 = Release|Any CPU
		{B6C32EEE-3156-4C3B-9E42-E2DF1025306D}.Debug|Any CPU.ActiveCfg = Debug|Any CPU
		{B6C32EEE-3156-4C3B-9E42-E2DF1025306D}.Debug|Any CPU.Build.0 = Debug|Any CPU
		{B6C32EEE-3156-4C3B-9E42-E2DF1025306D}.Release|Any CPU.ActiveCfg = Release|Any CPU
		{B6C32EEE-3156-4C3B-9E42-E2DF1025306D}.Release|Any CPU.Build.0 = Release|Any CPU
	EndGlobalSection
	GlobalSection(SolutionProperties) = preSolution
		HideSolutionNode = FALSE
	EndGlobalSection
	GlobalSection(ExtensibilityGlobals) = postSolution
		SolutionGuid = {3DB8C993-03D3-4DFF-B6D2-06EE566C5837}
	EndGlobalSection
EndGlobal
